# This file is automatically @generated by Cargo.
# It is not intended for manual editing.
version = 4

[[package]]
name = "at-agents"
version = "0.1.0"

[[package]]
name = "at-bridge"
version = "0.1.0"

[[package]]
name = "at-cli"
version = "0.1.0"

[[package]]
name = "at-core"
version = "0.1.0"

[[package]]
name = "at-daemon"
version = "0.1.0"

[[package]]
name = "at-harness"
version = "0.1.0"

[[package]]
name = "at-session"
version = "0.1.0"

[[package]]
name = "at-telemetry"
version = "0.1.0"
